PackratFormat: 1.2
PackratVersion: 0.2.0.99
RVersion: 3.1.0
Repos: http://cran.rstudio.com/,
  http://bioconductor.org/packages/2.14/bioc,
  http://bioconductor.org/packages/2.14/data/annotation,
  http://bioconductor.org/packages/2.14/data/experiment,
  http://bioconductor.org/packages/2.14/extra

Package: RCurl
Source: CRAN
Version: 1.95-4.1
Requires: bitops

Package: RJSONIO
Source: CRAN
Version: 1.2-0.2

Package: Rcpp
Source: CRAN
Version: 0.11.1

Package: RefManageR
Source: CRAN
Version: 0.8.1
Requires: XML, RCurl, RJSONIO, plyr, bibtex, lubridate, stringr

Package: XML
Source: CRAN
Version: 3.98-1.1

Package: bibtex
Source: CRAN
Version: 0.3-6

Package: bitops
Source: CRAN
Version: 1.0-6

Package: devtools
Source: github
Version: 1.5
Requires: httr, RCurl, memoise, whisker, evaluate, digest
GitHubRepo: devtools
GitHubUsername: hadley
GitHubRef: master
GitHubSha1: b6fda8144de4b145197c6d38aa6a1bb839678a5c

Package: digest
Source: CRAN
Version: 0.6.4

Package: evaluate
Source: CRAN
Version: 0.5.5
Requires: stringr

Package: formatR
Source: CRAN
Version: 0.10

Package: highr
Source: CRAN
Version: 0.3

Package: httr
Source: github
Version: 0.3
Requires: RCurl, stringr, digest
GitHubRepo: httr
GitHubUsername: hadley
GitHubRef: master
GitHubSha1: 7e897fcd6b9e02756ce1ebd33c7c04ac3273a416

Package: knitcitations
Source: github
Version: 0.6-2
Requires: knitr, bibtex, RefManageR, xtable, RCurl, XML, httr
GitHubRepo: knitcitations
GitHubUsername: cboettig
GitHubRef: master
GitHubSha1: acf7798bd75e53d612fb06bf49aedb375b4e659e

Package: knitr
Source: CRAN
Version: 1.6
Requires: evaluate, digest, formatR, highr, markdown, stringr

Package: lubridate
Source: CRAN
Version: 1.3.3
Requires: plyr, stringr, memoise

Package: markdown
Source: CRAN
Version: 0.7
Requires: mime

Package: memoise
Source: CRAN
Version: 0.2.1
Requires: digest

Package: mime
Source: CRAN
Version: 0.1.1

Package: packrat
Source: github
Version: 0.2.0.99
GitHubRepo: packrat
GitHubUsername: rstudio
GitHubRef: master
GitHubSha1: 0c2951ef15e740bb679de4348dec5a31a3f62e7c

Package: plyr
Source: CRAN
Version: 1.8.1
Requires: Rcpp

Package: rmarkdown
Source: github
Version: 0.2.15
Requires: knitr, yaml
GitHubRepo: rmarkdown
GitHubUsername: rstudio
GitHubRef: master
GitHubSha1: 958b78cd70791bfb47782d333f549e1925e8b60b

Package: stringr
Source: CRAN
Version: 0.6.2

Package: template
Source: github
Version: 0.0-1
GitHubRepo: template
GitHubUsername: cboettig
GitHubRef: master
GitHubSha1: df8a0a68c3a1db6f78fd0245dad3f85b7f27742e

Package: whisker
Source: CRAN
Version: 0.3-2

Package: xtable
Source: CRAN
Version: 1.7-3

Package: yaml
Source: CRAN
Version: 2.1.11
